github.com/RulezKT/cd_cheb_go v0.0.0-20240421182836-6bd0f63d84b6 h1:7wtzj4WOAQqGO9ckQe7o9W89zUR8R7LKysHRakCa+Rw=
github.com/RulezKT/cd_cheb_go v0.0.0-20240421182836-6bd0f63d84b6/go.mod h1:FtlsWxD/v5Tnf66nUAYmxx+56kPMhtDMlNellZbiaSw=
github.com/RulezKT/cd_consts_go v0.0.0-20240421201529-ee3c2fb5a3c8 h1:sXBsfZlGTlcYZ4t2Hj1H3LgR7dScmo1JV1n0l1Pp3Fg=
github.com/RulezKT/cd_consts_go v0.0.0-20240421201529-ee3c2fb5a3c8/go.mod h1:+GICl0NBWjz+llF5OOsBeeI/MjFt2gGogBp+fQJ5idI=
github.com/RulezKT/cd_consts_go v0.0.0-20240421222047-a1a44cbe70ae h1:9LhuxKJCQzlNnh0sigx/tL4/6LvF40PaOYkEzP+QOvQ=
github.com/RulezKT/cd_consts_go v0.0.0-20240421222047-a1a44cbe70ae/go.mod h1:+GICl0NBWjz+llF5OOsBeeI/MjFt2gGogBp+fQJ5idI=
github.com/RulezKT/cd_date_go v0.0.0-20240421180733-e6530383123b h1:UOvh4jvE/XTTQxlnS9p7u/iXPyMLyoxH8i1BUMsv9Y0=
github.com/RulezKT/cd_date_go v0.0.0-20240421180733-e6530383123b/go.mod h1:KNi4dTGGrC2+Jc5lW+s6eazzezGVluzEaoOfIGaVqvk=
github.com/RulezKT/cd_date_go v0.0.0-20240421220355-e44cefce4d2f h1:Toe7ypsrOHPRwfBMkO97GguZLGNfiumOeo849I1cQrg=
github.com/RulezKT/cd_date_go v0.0.0-20240421220355-e44cefce4d2f/go.mod h1:HIi8hrqXHxpRxGTbSOEZj55S/1O9Y0+m61hhehoMB4s=
github.com/RulezKT/cd_de_440s_go v0.0.0-20240421194153-8f49dfd717bd h1:G8eXyGS4xy3B7pjvIz53sdX0KFhI9uLCpH6a0cDn1CY=
github.com/RulezKT/cd_de_440s_go v0.0.0-20240421194153-8f49dfd717bd/go.mod h1:97r63aLAxbi32zoY2nepZJhelBSUPZt2pvyW0XGeffg=
github.com/RulezKT/cd_math_go v0.0.0-20240421202144-92899f1b6c9b h1:02P5HVZ7NSysFrIzsbvlV2RPV6hCa6qdUtXFZ9HWC/k=
github.com/RulezKT/cd_math_go v0.0.0-20240421202144-92899f1b6c9b/go.mod h1:Pup152rBZIfzoLY29o0kkME0gAPdadX+NLiTabu1VIY=
github.com/RulezKT/cd_nodes_go v0.0.0-20240421193639-361def1ecd0f h1:1r+Qb7y4kUehU0/soEMhJTtmTyscuc4lyiuvkubzqIU=
github.com/RulezKT/cd_nodes_go v0.0.0-20240421193639-361def1ecd0f/go.mod h1:nXgckqNi+j63yyhse3yQuUQkO6P+rK22AbZmDabX5RI=
github.com/RulezKT/gregdate v0.0.0-20210418212125-bb72d33a83a8/go.mod h1:TpjO3ZW5jJtZnlBVQLyMiCV7VRy7uWAAJEcPAYY58XM=
github.com/RulezKT/gregdate v0.0.0-20220919200431-1d49f01cb1b4 h1:MXt/of5h1FTAmJZhmk0VZKnIWlNGR+FO4hzqtEi0k3U=
github.com/RulezKT/gregdate v0.0.0-20220919200431-1d49f01cb1b4/go.mod h1:bqCQgH/123cKZPHvNuH523zO2X6CT2nleD9KJypI/m0=
github.com/RulezKT/hd v0.0.0-20210419163705-e65a7944f58f h1:QwlVD0mtHAtEh27959rH64WGjH0iPW25fsJhV9DyXWg=
github.com/RulezKT/hd v0.0.0-20210419163705-e65a7944f58f/go.mod h1:6gU/UbCn6WBGadaZs7HAhl5912vNysz088jfcKNheKs=
github.com/RulezKT/mathfn v0.0.0-20210419075143-6906df86e816 h1:dr1nOIQ1mKClDdiyQruM1VoIyhDOaXIREw3jP1SOO94=
github.com/RulezKT/mathfn v0.0.0-20210419075143-6906df86e816/go.mod h1:n6JLGTcoXBF3jH9Q09GyO9jIpTgQ1p/oFQz5OR2aqF8=
github.com/RulezKT/structs v0.0.0-20210418225609-c00e9851d3ca/go.mod h1:ptieLNUkeCQWYRiaxI4Rj8OJPiJKm3ldHWFCbAMXT/A=
github.com/RulezKT/structs v0.0.0-20220919200658-6be3627d8321 h1:KDLZ2jLNwBOk82P3Hh8P8/WfkSlKeX+t2iaCmdPz7lA=
github.com/RulezKT/structs v0.0.0-20220919200658-6be3627d8321/go.mod h1:Qqk+4OvO13LVEAPXIWGYbw3jvjyJDuZvnc6vjgWkINY=
