github.com/RulezKT/cd_cheb_go v0.0.0-20240421182836-6bd0f63d84b6 h1:7wtzj4WOAQqGO9ckQe7o9W89zUR8R7LKysHRakCa+Rw=
github.com/RulezKT/cd_cheb_go v0.0.0-20240421182836-6bd0f63d84b6/go.mod h1:FtlsWxD/v5Tnf66nUAYmxx+56kPMhtDMlNellZbiaSw=
github.com/RulezKT/cd_consts_go v0.0.0-20240423175144-3d105b95de29 h1:B/X3pgAS6PtEobnhT1aMIsbFL6NMNYk1bs0ahRWPW/0=
github.com/RulezKT/cd_consts_go v0.0.0-20240423175144-3d105b95de29/go.mod h1:+GICl0NBWjz+llF5OOsBeeI/MjFt2gGogBp+fQJ5idI=
github.com/RulezKT/cd_date_go v0.0.0-20240423174658-af495f2d2e66 h1:MxnYdkAcvV/nZHDAFUgprXEfuZjkxyxlvOBoj+0ku9I=
github.com/RulezKT/cd_date_go v0.0.0-20240423174658-af495f2d2e66/go.mod h1:HIi8hrqXHxpRxGTbSOEZj55S/1O9Y0+m61hhehoMB4s=
github.com/RulezKT/cd_de_440s_go v0.0.0-20240421194153-8f49dfd717bd h1:G8eXyGS4xy3B7pjvIz53sdX0KFhI9uLCpH6a0cDn1CY=
github.com/RulezKT/cd_de_440s_go v0.0.0-20240421194153-8f49dfd717bd/go.mod h1:97r63aLAxbi32zoY2nepZJhelBSUPZt2pvyW0XGeffg=
github.com/RulezKT/cd_math_go v0.0.0-20240423163945-7c2609d21fa6 h1:XglEwNhwyf50nD6vrjfjX+hUK34JqokrmWYx7eM+Lks=
github.com/RulezKT/cd_math_go v0.0.0-20240423163945-7c2609d21fa6/go.mod h1:Pup152rBZIfzoLY29o0kkME0gAPdadX+NLiTabu1VIY=
github.com/RulezKT/cd_nodes_go v0.0.0-20240421193639-361def1ecd0f h1:1r+Qb7y4kUehU0/soEMhJTtmTyscuc4lyiuvkubzqIU=
github.com/RulezKT/cd_nodes_go v0.0.0-20240421193639-361def1ecd0f/go.mod h1:nXgckqNi+j63yyhse3yQuUQkO6P+rK22AbZmDabX5RI=
github.com/RulezKT/mathfn v0.0.0-20210419075143-6906df86e816 h1:dr1nOIQ1mKClDdiyQruM1VoIyhDOaXIREw3jP1SOO94=
github.com/RulezKT/mathfn v0.0.0-20210419075143-6906df86e816/go.mod h1:n6JLGTcoXBF3jH9Q09GyO9jIpTgQ1p/oFQz5OR2aqF8=
